// !$*UTF8*$!
{
	archiveVersion = 1;
	classes = {
	};
	objectVersion = 51;
	objects = {

/* Begin PBXBuildFile section */
		792628762599A5FC00B685E4 /* AppDelegate.swift in Sources */ = {isa = PBXBuildFile; fileRef = 792628752599A5FC00B685E4 /* AppDelegate.swift */; };
		792628782599A5FC00B685E4 /* SceneDelegate.swift in Sources */ = {isa = PBXBuildFile; fileRef = 792628772599A5FC00B685E4 /* SceneDelegate.swift */; };
		7926287D2599A5FC00B685E4 /* Main.storyboard in Resources */ = {isa = PBXBuildFile; fileRef = 7926287B2599A5FC00B685E4 /* Main.storyboard */; };
		7926287F2599A5FE00B685E4 /* Assets.xcassets in Resources */ = {isa = PBXBuildFile; fileRef = 7926287E2599A5FE00B685E4 /* Assets.xcassets */; };
		792628822599A5FE00B685E4 /* LaunchScreen.storyboard in Resources */ = {isa = PBXBuildFile; fileRef = 792628802599A5FE00B685E4 /* LaunchScreen.storyboard */; };
		7926288A2599A63500B685E4 /* LoginViewController.swift in Sources */ = {isa = PBXBuildFile; fileRef = 792628892599A63500B685E4 /* LoginViewController.swift */; };
		7926288C2599A63F00B685E4 /* HomeViewController.swift in Sources */ = {isa = PBXBuildFile; fileRef = 7926288B2599A63F00B685E4 /* HomeViewController.swift */; };
		7926288E2599A64B00B685E4 /* ImageSelectViewController.swift in Sources */ = {isa = PBXBuildFile; fileRef = 7926288D2599A64B00B685E4 /* ImageSelectViewController.swift */; };
		792628902599A65500B685E4 /* PostViewController.swift in Sources */ = {isa = PBXBuildFile; fileRef = 7926288F2599A65500B685E4 /* PostViewController.swift */; };
		792628922599A65F00B685E4 /* SettingViewController.swift in Sources */ = {isa = PBXBuildFile; fileRef = 792628912599A65F00B685E4 /* SettingViewController.swift */; };
		792628942599A7C600B685E4 /* TabBarController.swift in Sources */ = {isa = PBXBuildFile; fileRef = 792628932599A7C600B685E4 /* TabBarController.swift */; };
		792628982599BDCA00B685E4 /* GoogleService-Info.plist in Resources */ = {isa = PBXBuildFile; fileRef = 792628972599BDCA00B685E4 /* GoogleService-Info.plist */; };
		93259A0CC1C274EF116BBA4D /* Pods_Instagram.framework in Frameworks */ = {isa = PBXBuildFile; fileRef = 59B869B8A3FE2C02D16B417E /* Pods_Instagram.framework */; };
/* End PBXBuildFile section */

/* Begin PBXFileReference section */
		3C9CE8B2D6BAE4CCD40D2A71 /* Pods-Instagram.debug.xcconfig */ = {isa = PBXFileReference; includeInIndex = 1; lastKnownFileType = text.xcconfig; name = "Pods-Instagram.debug.xcconfig"; path = "Target Support Files/Pods-Instagram/Pods-Instagram.debug.xcconfig"; sourceTree = "<group>"; };
		3FDC58311304EBB55779691E /* Pods-Instagram.release.xcconfig */ = {isa = PBXFileReference; includeInIndex = 1; lastKnownFileType = text.xcconfig; name = "Pods-Instagram.release.xcconfig"; path = "Target Support Files/Pods-Instagram/Pods-Instagram.release.xcconfig"; sourceTree = "<group>"; };
		59B869B8A3FE2C02D16B417E /* Pods_Instagram.framework */ = {isa = PBXFileReference; explicitFileType = wrapper.framework; includeInIndex = 0; path = Pods_Instagram.framework; sourceTree = BUILT_PRODUCTS_DIR; };
		792628722599A5FC00B685E4 /* Instagram.app */ = {isa = PBXFileReference; explicitFileType = wrapper.application; includeInIndex = 0; path = Instagram.app; sourceTree = BUILT_PRODUCTS_DIR; };
		792628752599A5FC00B685E4 /* AppDelegate.swift */ = {isa = PBXFileReference; lastKnownFileType = sourcecode.swift; path = AppDelegate.swift; sourceTree = "<group>"; };
		792628772599A5FC00B685E4 /* SceneDelegate.swift */ = {isa = PBXFileReference; lastKnownFileType = sourcecode.swift; path = SceneDelegate.swift; sourceTree = "<group>"; };
		7926287C2599A5FC00B685E4 /* Base */ = {isa = PBXFileReference; lastKnownFileType = file.storyboard; name = Base; path = Base.lproj/Main.storyboard; sourceTree = "<group>"; };
		7926287E2599A5FE00B685E4 /* Assets.xcassets */ = {isa = PBXFileReference; lastKnownFileType = folder.assetcatalog; path = Assets.xcassets; sourceTree = "<group>"; };
		792628812599A5FE00B685E4 /* Base */ = {isa = PBXFileReference; lastKnownFileType = file.storyboard; name = Base; path = Base.lproj/LaunchScreen.storyboard; sourceTree = "<group>"; };
		792628832599A5FE00B685E4 /* Info.plist */ = {isa = PBXFileReference; lastKnownFileType = text.plist.xml; path = Info.plist; sourceTree = "<group>"; };
		792628892599A63500B685E4 /* LoginViewController.swift */ = {isa = PBXFileReference; lastKnownFileType = sourcecode.swift; path = LoginViewController.swift; sourceTree = "<group>"; };
		7926288B2599A63F00B685E4 /* HomeViewController.swift */ = {isa = PBXFileReference; lastKnownFileType = sourcecode.swift; path = HomeViewController.swift; sourceTree = "<group>"; };
		7926288D2599A64B00B685E4 /* ImageSelectViewController.swift */ = {isa = PBXFileReference; lastKnownFileType = sourcecode.swift; path = ImageSelectViewController.swift; sourceTree = "<group>"; };
		7926288F2599A65500B685E4 /* PostViewController.swift */ = {isa = PBXFileReference; lastKnownFileType = sourcecode.swift; path = PostViewController.swift; sourceTree = "<group>"; };
		792628912599A65F00B685E4 /* SettingViewController.swift */ = {isa = PBXFileReference; lastKnownFileType = sourcecode.swift; path = SettingViewController.swift; sourceTree = "<group>"; };
		792628932599A7C600B685E4 /* TabBarController.swift */ = {isa = PBXFileReference; lastKnownFileType = sourcecode.swift; path = TabBarController.swift; sourceTree = "<group>"; };
		792628972599BDCA00B685E4 /* GoogleService-Info.plist */ = {isa = PBXFileReference; fileEncoding = 4; lastKnownFileType = text.plist.xml; path = "GoogleService-Info.plist"; sourceTree = "<group>"; };
/* End PBXFileReference section */

/* Begin PBXFrameworksBuildPhase section */
		7926286F2599A5FC00B685E4 /* Frameworks */ = {
			isa = PBXFrameworksBuildPhase;
			buildActionMask = 2147483647;
			files = (
				93259A0CC1C274EF116BBA4D /* Pods_Instagram.framework in Frameworks */,
			);
			runOnlyForDeploymentPostprocessing = 0;
		};
/* End PBXFrameworksBuildPhase section */

/* Begin PBXGroup section */
		792628692599A5FC00B685E4 = {
			isa = PBXGroup;
			children = (
				792628742599A5FC00B685E4 /* Instagram */,
				792628732599A5FC00B685E4 /* Products */,
				BE4CE3B04FA1CF9E5AA50F23 /* Pods */,
				9384D9C207A49F7A07862B59 /* Frameworks */,
			);
			sourceTree = "<group>";
		};
		792628732599A5FC00B685E4 /* Products */ = {
			isa = PBXGroup;
			children = (
				792628722599A5FC00B685E4 /* Instagram.app */,
			);
			name = Products;
			sourceTree = "<group>";
		};
		792628742599A5FC00B685E4 /* Instagram */ = {
			isa = PBXGroup;
			children = (
				792628752599A5FC00B685E4 /* AppDelegate.swift */,
				792628772599A5FC00B685E4 /* SceneDelegate.swift */,
				792628892599A63500B685E4 /* LoginViewController.swift */,
				7926288B2599A63F00B685E4 /* HomeViewController.swift */,
				7926288D2599A64B00B685E4 /* ImageSelectViewController.swift */,
				7926288F2599A65500B685E4 /* PostViewController.swift */,
				792628912599A65F00B685E4 /* SettingViewController.swift */,
				792628932599A7C600B685E4 /* TabBarController.swift */,
				7926287B2599A5FC00B685E4 /* Main.storyboard */,
				7926287E2599A5FE00B685E4 /* Assets.xcassets */,
				792628802599A5FE00B685E4 /* LaunchScreen.storyboard */,
				792628832599A5FE00B685E4 /* Info.plist */,
				792628972599BDCA00B685E4 /* GoogleService-Info.plist */,
			);
			path = Instagram;
			sourceTree = "<group>";
		};
		9384D9C207A49F7A07862B59 /* Frameworks */ = {
			isa = PBXGroup;
			children = (
				59B869B8A3FE2C02D16B417E /* Pods_Instagram.framework */,
			);
			name = Frameworks;
			sourceTree = "<group>";
		};
		BE4CE3B04FA1CF9E5AA50F23 /* Pods */ = {
			isa = PBXGroup;
			children = (
				3C9CE8B2D6BAE4CCD40D2A71 /* Pods-Instagram.debug.xcconfig */,
				3FDC58311304EBB55779691E /* Pods-Instagram.release.xcconfig */,
			);
			path = Pods;
			sourceTree = "<group>";
		};
/* End PBXGroup section */

/* Begin PBXNativeTarget section */
		792628712599A5FC00B685E4 /* Instagram */ = {
			isa = PBXNativeTarget;
			buildConfigurationList = 792628862599A5FE00B685E4 /* Build configuration list for PBXNativeTarget "Instagram" */;
			buildPhases = (
				699E2221B177756E2C62C006 /* [CP] Check Pods Manifest.lock */,
				7926286E2599A5FC00B685E4 /* Sources */,
				7926286F2599A5FC00B685E4 /* Frameworks */,
				792628702599A5FC00B685E4 /* Resources */,
				B454C9075AC8AA2F5D6FF351 /* [CP] Embed Pods Frameworks */,
			);
			buildRules = (
			);
			dependencies = (
			);
			name = Instagram;
			productName = Instagram;
			productReference = 792628722599A5FC00B685E4 /* Instagram.app */;
			productType = "com.apple.product-type.application";
		};
/* End PBXNativeTarget section */

/* Begin PBXProject section */
		7926286A2599A5FC00B685E4 /* Project object */ = {
			isa = PBXProject;
			attributes = {
				LastSwiftUpdateCheck = 1150;
				LastUpgradeCheck = 1150;
				ORGANIZATIONNAME = ayaka;
				TargetAttributes = {
					792628712599A5FC00B685E4 = {
						CreatedOnToolsVersion = 11.5;
					};
				};
			};
			buildConfigurationList = 7926286D2599A5FC00B685E4 /* Build configuration list for PBXProject "Instagram" */;
			compatibilityVersion = "Xcode 9.3";
			developmentRegion = en;
			hasScannedForEncodings = 0;
			knownRegions = (
				en,
				Base,
			);
			mainGroup = 792628692599A5FC00B685E4;
			productRefGroup = 792628732599A5FC00B685E4 /* Products */;
			projectDirPath = "";
			projectRoot = "";
			targets = (
				792628712599A5FC00B685E4 /* Instagram */,
			);
		};
/* End PBXProject section */

/* Begin PBXResourcesBuildPhase section */
		792628702599A5FC00B685E4 /* Resources */ = {
			isa = PBXResourcesBuildPhase;
			buildActionMask = 2147483647;
			files = (
				792628822599A5FE00B685E4 /* LaunchScreen.storyboard in Resources */,
				792628982599BDCA00B685E4 /* GoogleService-Info.plist in Resources */,
				7926287F2599A5FE00B685E4 /* Assets.xcassets in Resources */,
				7926287D2599A5FC00B685E4 /* Main.storyboard in Resources */,
			);
			runOnlyForDeploymentPostprocessing = 0;
		};
/* End PBXResourcesBuildPhase section */

/* Begin PBXShellScriptBuildPhase section */
		699E2221B177756E2C62C006 /* [CP] Check Pods Manifest.lock */ = {
			isa = PBXShellScriptBuildPhase;
			buildActionMask = 2147483647;
			files = (
			);
			inputFileListPaths = (
			);
			inputPaths = (
				"${PODS_PODFILE_DIR_PATH}/Podfile.lock",
				"${PODS_ROOT}/Manifest.lock",
			);
			name = "[CP] Check Pods Manifest.lock";
			outputFileListPaths = (
			);
			outputPaths = (
				"$(DERIVED_FILE_DIR)/Pods-Instagram-checkManifestLockResult.txt",
			);
			runOnlyForDeploymentPostprocessing = 0;
			shellPath = /bin/sh;
			shellScript = "diff \"${PODS_PODFILE_DIR_PATH}/Podfile.lock\" \"${PODS_ROOT}/Manifest.lock\" > /dev/null\nif [ $? != 0 ] ; then\n    # print error to STDERR\n    echo \"error: The sandbox is not in sync with the Podfile.lock. Run 'pod install' or update your CocoaPods installation.\" >&2\n    exit 1\nfi\n# This output is used by Xcode 'outputs' to avoid re-running this script phase.\necho \"SUCCESS\" > \"${SCRIPT_OUTPUT_FILE_0}\"\n";
			showEnvVarsInLog = 0;
		};
		B454C9075AC8AA2F5D6FF351 /* [CP] Embed Pods Frameworks */ = {
			isa = PBXShellScriptBuildPhase;
			buildActionMask = 2147483647;
			files = (
			);
			inputFileListPaths = (
				"${PODS_ROOT}/Target Support Files/Pods-Instagram/Pods-Instagram-frameworks-${CONFIGURATION}-input-files.xcfilelist",
			);
			name = "[CP] Embed Pods Frameworks";
			outputFileListPaths = (
				"${PODS_ROOT}/Target Support Files/Pods-Instagram/Pods-Instagram-frameworks-${CONFIGURATION}-output-files.xcfilelist",
			);
			runOnlyForDeploymentPostprocessing = 0;
			shellPath = /bin/sh;
			shellScript = "\"${PODS_ROOT}/Target Support Files/Pods-Instagram/Pods-Instagram-frameworks.sh\"\n";
			showEnvVarsInLog = 0;
		};
/* End PBXShellScriptBuildPhase section */

/* Begin PBXSourcesBuildPhase section */
		7926286E2599A5FC00B685E4 /* Sources */ = {
			isa = PBXSourcesBuildPhase;
			buildActionMask = 2147483647;
			files = (
				7926288E2599A64B00B685E4 /* ImageSelectViewController.swift in Sources */,
				792628942599A7C600B685E4 /* TabBarController.swift in Sources */,
				7926288C2599A63F00B685E4 /* HomeViewController.swift in Sources */,
				792628902599A65500B685E4 /* PostViewController.swift in Sources */,
				792628922599A65F00B685E4 /* SettingViewController.swift in Sources */,
				7926288A2599A63500B685E4 /* LoginViewController.swift in Sources */,
				792628762599A5FC00B685E4 /* AppDelegate.swift in Sources */,
				792628782599A5FC00B685E4 /* SceneDelegate.swift in Sources */,
			);
			runOnlyForDeploymentPostprocessing = 0;
		};
/* End PBXSourcesBuildPhase section */

/* Begin PBXVariantGroup section */
		7926287B2599A5FC00B685E4 /* Main.storyboard */ = {
			isa = PBXVariantGroup;
			children = (
				7926287C2599A5FC00B685E4 /* Base */,
			);
			name = Main.storyboard;
			sourceTree = "<group>";
		};
		792628802599A5FE00B685E4 /* LaunchScreen.storyboard */ = {
			isa = PBXVariantGroup;
			children = (
				792628812599A5FE00B685E4 /* Base */,
			);
			name = LaunchScreen.storyboard;
			sourceTree = "<group>";
		};
/* End PBXVariantGroup section */

/* Begin XCBuildConfiguration section */
		792628842599A5FE00B685E4 /* Debug */ = {
			isa = XCBuildConfiguration;
			buildSettings = {
				ALWAYS_SEARCH_USER_PATHS = NO;
				CLANG_ANALYZER_NONNULL = YES;
				CLANG_ANALYZER_NUMBER_OBJECT_CONVERSION = YES_AGGRESSIVE;
				CLANG_CXX_LANGUAGE_STANDARD = "gnu++14";
				CLANG_CXX_LIBRARY = "libc++";
				CLANG_ENABLE_MODULES = YES;
				CLANG_ENABLE_OBJC_ARC = YES;
				CLANG_ENABLE_OBJC_WEAK = YES;
				CLANG_WARN_BLOCK_CAPTURE_AUTORELEASING = YES;
				CLANG_WARN_BOOL_CONVERSION = YES;
				CLANG_WARN_COMMA = YES;
				CLANG_WARN_CONSTANT_CONVERSION = YES;
				CLANG_WARN_DEPRECATED_OBJC_IMPLEMENTATIONS = YES;
				CLANG_WARN_DIRECT_OBJC_ISA_USAGE = YES_ERROR;
				CLANG_WARN_DOCUMENTATION_COMMENTS = YES;
				CLANG_WARN_EMPTY_BODY = YES;
				CLANG_WARN_ENUM_CONVERSION = YES;
				CLANG_WARN_INFINITE_RECURSION = YES;
				CLANG_WARN_INT_CONVERSION = YES;
				CLANG_WARN_NON_LITERAL_NULL_CONVERSION = YES;
				CLANG_WARN_OBJC_IMPLICIT_RETAIN_SELF = YES;
				CLANG_WARN_OBJC_LITERAL_CONVERSION = YES;
				CLANG_WARN_OBJC_ROOT_CLASS = YES_ERROR;
				CLANG_WARN_RANGE_LOOP_ANALYSIS = YES;
				CLANG_WARN_STRICT_PROTOTYPES = YES;
				CLANG_WARN_SUSPICIOUS_MOVE = YES;
				CLANG_WARN_UNGUARDED_AVAILABILITY = YES_AGGRESSIVE;
				CLANG_WARN_UNREACHABLE_CODE = YES;
				CLANG_WARN__DUPLICATE_METHOD_MATCH = YES;
				COPY_PHASE_STRIP = NO;
				DEBUG_INFORMATION_FORMAT = dwarf;
				ENABLE_STRICT_OBJC_MSGSEND = YES;
				ENABLE_TESTABILITY = YES;
				GCC_C_LANGUAGE_STANDARD = gnu11;
				GCC_DYNAMIC_NO_PIC = NO;
				GCC_NO_COMMON_BLOCKS = YES;
				GCC_OPTIMIZATION_LEVEL = 0;
				GCC_PREPROCESSOR_DEFINITIONS = (
					"DEBUG=1",
					"$(inherited)",
				);
				GCC_WARN_64_TO_32_BIT_CONVERSION = YES;
				GCC_WARN_ABOUT_RETURN_TYPE = YES_ERROR;
				GCC_WARN_UNDECLARED_SELECTOR = YES;
				GCC_WARN_UNINITIALIZED_AUTOS = YES_AGGRESSIVE;
				GCC_WARN_UNUSED_FUNCTION = YES;
				GCC_WARN_UNUSED_VARIABLE = YES;
				IPHONEOS_DEPLOYMENT_TARGET = 13.5;
				MTL_ENABLE_DEBUG_INFO = INCLUDE_SOURCE;
				MTL_FAST_MATH = YES;
				ONLY_ACTIVE_ARCH = YES;
				SDKROOT = iphoneos;
				SWIFT_ACTIVE_COMPILATION_CONDITIONS = DEBUG;
				SWIFT_OPTIMIZATION_LEVEL = "-Onone";
			};
			name = Debug;
		};
		792628852599A5FE00B685E4 /* Release */ = {
			isa = XCBuildConfiguration;
			buildSettings = {
				ALWAYS_SEARCH_USER_PATHS = NO;
				CLANG_ANALYZER_NONNULL = YES;
				CLANG_ANALYZER_NUMBER_OBJECT_CONVERSION = YES_AGGRESSIVE;
				CLANG_CXX_LANGUAGE_STANDARD = "gnu++14";
				CLANG_CXX_LIBRARY = "libc++";
				CLANG_ENABLE_MODULES = YES;
				CLANG_ENABLE_OBJC_ARC = YES;
				CLANG_ENABLE_OBJC_WEAK = YES;
				CLANG_WARN_BLOCK_CAPTURE_AUTORELEASING = YES;
				CLANG_WARN_BOOL_CONVERSION = YES;
				CLANG_WARN_COMMA = YES;
				CLANG_WARN_CONSTANT_CONVERSION = YES;
				CLANG_WARN_DEPRECATED_OBJC_IMPLEMENTATIONS = YES;
				CLANG_WARN_DIRECT_OBJC_ISA_USAGE = YES_ERROR;
				CLANG_WARN_DOCUMENTATION_COMMENTS = YES;
				CLANG_WARN_EMPTY_BODY = YES;
				CLANG_WARN_ENUM_CONVERSION = YES;
				CLANG_WARN_INFINITE_RECURSION = YES;
				CLANG_WARN_INT_CONVERSION = YES;
				CLANG_WARN_NON_LITERAL_NULL_CONVERSION = YES;
				CLANG_WARN_OBJC_IMPLICIT_RETAIN_SELF = YES;
				CLANG_WARN_OBJC_LITERAL_CONVERSION = YES;
				CLANG_WARN_OBJC_ROOT_CLASS = YES_ERROR;
				CLANG_WARN_RANGE_LOOP_ANALYSIS = YES;
				CLANG_WARN_STRICT_PROTOTYPES = YES;
				CLANG_WARN_SUSPICIOUS_MOVE = YES;
				CLANG_WARN_UNGUARDED_AVAILABILITY = YES_AGGRESSIVE;
				CLANG_WARN_UNREACHABLE_CODE = YES;
				CLANG_WARN__DUPLICATE_METHOD_MATCH = YES;
				COPY_PHASE_STRIP = NO;
				DEBUG_INFORMATION_FORMAT = "dwarf-with-dsym";
				ENABLE_NS_ASSERTIONS = NO;
				ENABLE_STRICT_OBJC_MSGSEND = YES;
				GCC_C_LANGUAGE_STANDARD = gnu11;
				GCC_NO_COMMON_BLOCKS = YES;
				GCC_WARN_64_TO_32_BIT_CONVERSION = YES;
				GCC_WARN_ABOUT_RETURN_TYPE = YES_ERROR;
				GCC_WARN_UNDECLARED_SELECTOR = YES;
				GCC_WARN_UNINITIALIZED_AUTOS = YES_AGGRESSIVE;
				GCC_WARN_UNUSED_FUNCTION = YES;
				GCC_WARN_UNUSED_VARIABLE = YES;
				IPHONEOS_DEPLOYMENT_TARGET = 13.5;
				MTL_ENABLE_DEBUG_INFO = NO;
				MTL_FAST_MATH = YES;
				SDKROOT = iphoneos;
				SWIFT_COMPILATION_MODE = wholemodule;
				SWIFT_OPTIMIZATION_LEVEL = "-O";
				VALIDATE_PRODUCT = YES;
			};
			name = Release;
		};
		792628872599A5FE00B685E4 /* Debug */ = {
			isa = XCBuildConfiguration;
			baseConfigurationReference = 3C9CE8B2D6BAE4CCD40D2A71 /* Pods-Instagram.debug.xcconfig */;
			buildSettings = {
				ASSETCATALOG_COMPILER_APPICON_NAME = AppIcon;
				CODE_SIGN_STYLE = Automatic;
				DEVELOPMENT_TEAM = D494GL385P;
				INFOPLIST_FILE = Instagram/Info.plist;
				LD_RUNPATH_SEARCH_PATHS = (
					"$(inherited)",
					"@executable_path/Frameworks",
				);
				PRODUCT_BUNDLE_IDENTIFIER = jp.techacademy.ayaka.kawanobe.Instagram2;
				PRODUCT_NAME = "$(TARGET_NAME)";
				SWIFT_VERSION = 5.0;
				TARGETED_DEVICE_FAMILY = 1;
			};
			name = Debug;
		};
		792628882599A5FE00B685E4 /* Release */ = {
			isa = XCBuildConfiguration;
			baseConfigurationReference = 3FDC58311304EBB55779691E /* Pods-Instagram.release.xcconfig */;
			buildSettings = {
				ASSETCATALOG_COMPILER_APPICON_NAME = AppIcon;
				CODE_SIGN_STYLE = Automatic;
				DEVELOPMENT_TEAM = D494GL385P;
				INFOPLIST_FILE = Instagram/Info.plist;
				LD_RUNPATH_SEARCH_PATHS = (
					"$(inherited)",
					"@executable_path/Frameworks",
				);
				PRODUCT_BUNDLE_IDENTIFIER = jp.techacademy.ayaka.kawanobe.Instagram2;
				PRODUCT_NAME = "$(TARGET_NAME)";
				SWIFT_VERSION = 5.0;
				TARGETED_DEVICE_FAMILY = 1;
			};
			name = Release;
		};
/* End XCBuildConfiguration section */

/* Begin XCConfigurationList section */
		7926286D2599A5FC00B685E4 /* Build configuration list for PBXProject "Instagram" */ = {
			isa = XCConfigurationList;
			buildConfigurations = (
				792628842599A5FE00B685E4 /* Debug */,
				792628852599A5FE00B685E4 /* Release */,
			);
			defaultConfigurationIsVisible = 0;
			defaultConfigurationName = Release;
		};
		792628862599A5FE00B685E4 /* Build configuration list for PBXNativeTarget "Instagram" */ = {
			isa = XCConfigurationList;
			buildConfigurations = (
				792628872599A5FE00B685E4 /* Debug */,
				792628882599A5FE00B685E4 /* Release */,
			);
			defaultConfigurationIsVisible = 0;
			defaultConfigurationName = Release;
		};
/* End XCConfigurationList section */
	};
	rootObject = 7926286A2599A5FC00B685E4 /* Project object */;
}
